
Microsoft Visual Studio Solution File, Format Version 12.00
# Visual Studio Version 17
VisualStudioVersion = 17.14.36121.58 d17.14
MinimumVisualStudioVersion = 10.0.40219.1
Project("{FAE04EC0-301F-11D3-BF4B-00C04F79EFBC}") = "WebApplication3", "WebApplication3\WebApplication3.csproj", "{DF89BDDC-2AC9-47CB-977E-14CB231D5C44}"
EndProject
Global
	GlobalSection(SolutionConfigurationPlatforms) = preSolution
		Debug|Any CPU = Debug|Any CPU
		Release|Any CPU = Release|Any CPU
	EndGlobalSection
	GlobalSection(ProjectConfigurationPlatforms) = postSolution
		{DF89BDDC-2AC9-47CB-977E-14CB231D5C44}.Debug|Any CPU.ActiveCfg = Debug|Any CPU
		{DF89BDDC-2AC9-47CB-977E-14CB231D5C44}.Debug|Any CPU.Build.0 = Debug|Any CPU
		{DF89BDDC-2AC9-47CB-977E-14CB231D5C44}.Release|Any CPU.ActiveCfg = Release|Any CPU
		{DF89BDDC-2AC9-47CB-977E-14CB231D5C44}.Release|Any CPU.Build.0 = Release|Any CPU
	EndGlobalSection
	GlobalSection(SolutionProperties) = preSolution
		HideSolutionNode = FALSE
	EndGlobalSection
	GlobalSection(ExtensibilityGlobals) = postSolution
		SolutionGuid = {CC4E0912-B027-44F8-9B89-9AFAFEBA1034}
	EndGlobalSection
EndGlobal
